
Microsoft Visual Studio Solution File, Format Version 12.00
# Visual Studio 15
VisualStudioVersion = 15.0.26020.0
MinimumVisualStudioVersion = 10.0.40219.1
Project("{FAE04EC0-301F-11D3-BF4B-00C04F79EFBC}") = "Guestbook", "Guestbook\Guestbook.csproj", "{9ECD7C49-C100-499D-BF02-8CBA0BA748DC}"
EndProject
Project("{FAE04EC0-301F-11D3-BF4B-00C04F79EFBC}") = "Guestbook.Tests", "Guestbook.Tests\Guestbook.Tests.csproj", "{75B56060-BCAA-447E-867D-27E78557923F}"
EndProject
Global
	GlobalSection(SolutionConfigurationPlatforms) = preSolution
		Debug|Any CPU = Debug|Any CPU
		Release|Any CPU = Release|Any CPU
	EndGlobalSection
	GlobalSection(ProjectConfigurationPlatforms) = postSolution
		{9ECD7C49-C100-499D-BF02-8CBA0BA748DC}.Debug|Any CPU.ActiveCfg = Debug|Any CPU
		{9ECD7C49-C100-499D-BF02-8CBA0BA748DC}.Debug|Any CPU.Build.0 = Debug|Any CPU
		{9ECD7C49-C100-499D-BF02-8CBA0BA748DC}.Release|Any CPU.ActiveCfg = Release|Any CPU
		{9ECD7C49-C100-499D-BF02-8CBA0BA748DC}.Release|Any CPU.Build.0 = Release|Any CPU
		{75B56060-BCAA-447E-867D-27E78557923F}.Debug|Any CPU.ActiveCfg = Debug|Any CPU
		{75B56060-BCAA-447E-867D-27E78557923F}.Debug|Any CPU.Build.0 = Debug|Any CPU
		{75B56060-BCAA-447E-867D-27E78557923F}.Release|Any CPU.ActiveCfg = Release|Any CPU
		{75B56060-BCAA-447E-867D-27E78557923F}.Release|Any CPU.Build.0 = Release|Any CPU
	EndGlobalSection
	GlobalSection(SolutionProperties) = preSolution
		HideSolutionNode = FALSE
	EndGlobalSection
EndGlobal
